// !$*UTF8*$!
{
	archiveVersion = 1;
	classes = {
	};
	objectVersion = 46;
	objects = {

/* Begin PBXAggregateTarget section */
		7E1FDD1E73F74C319757BDBA /* ZERO_CHECK */ = {
			isa = PBXAggregateTarget;
			buildConfigurationList = 5E187B9F42984516A556843E /* Build configuration list for PBXAggregateTarget "ZERO_CHECK" */;
			buildPhases = (
				0CC33CDF2FA84E2AA9BDF24C /* CMake Rules */,
			);
			dependencies = (
			);
			name = ZERO_CHECK;
			productName = ZERO_CHECK;
		};
		8C45CFD7976042E8999C887A /* ALL_BUILD */ = {
			isa = PBXAggregateTarget;
			buildConfigurationList = 4784BB2AD0A448E1B78A35DB /* Build configuration list for PBXAggregateTarget "ALL_BUILD" */;
			buildPhases = (
				0A3634D7496B4D3F8D5415A2 /* CMake Rules */,
			);
			dependencies = (
				00043983C42A4343901063B7 /* PBXTargetDependency */,
				5F53A0CA55A9465E8E8AE1C6 /* PBXTargetDependency */,
			);
			name = ALL_BUILD;
			productName = ALL_BUILD;
		};
/* End PBXAggregateTarget section */

/* Begin PBXBuildFile section */
		1DADBA9E4D7748AA82960592 /* PID.cpp in Sources */ = {isa = PBXBuildFile; fileRef = EB942AF9EDBB4F58A2A86D04 /* PID.cpp */; };
		4CB0E119B55347AC842D8E30 /* main.cpp in Sources */ = {isa = PBXBuildFile; fileRef = 96B9C7F6DC6E4CE3842E3889 /* main.cpp */; };
/* End PBXBuildFile section */

/* Begin PBXContainerItemProxy section */
		73814D09002D48E6956D2A61 /* PBXContainerItemProxy */ = {
			isa = PBXContainerItemProxy;
			containerPortal = 0437F1AF59D94EECBB59F8BD /* Project object */;
			proxyType = 1;
			remoteGlobalIDString = 7E1FDD1E73F74C319757BDBA;
			remoteInfo = ZERO_CHECK;
		};
		7C1BEEF3A1414BA5B1B2B8EF /* PBXContainerItemProxy */ = {
			isa = PBXContainerItemProxy;
			containerPortal = 0437F1AF59D94EECBB59F8BD /* Project object */;
			proxyType = 1;
			remoteGlobalIDString = 0D2F748242994B5F9378AB23;
			remoteInfo = pid;
		};
		D16EF854378B4783A7948DAA /* PBXContainerItemProxy */ = {
			isa = PBXContainerItemProxy;
			containerPortal = 0437F1AF59D94EECBB59F8BD /* Project object */;
			proxyType = 1;
			remoteGlobalIDString = 7E1FDD1E73F74C319757BDBA;
			remoteInfo = ZERO_CHECK;
		};
/* End PBXContainerItemProxy section */

/* Begin PBXFileReference section */
		41BBA4E200B243B69D9F41FC /* pid */ = {isa = PBXFileReference; explicitFileType = "compiled.mach-o.executable"; path = pid; sourceTree = BUILT_PRODUCTS_DIR; };
		4EA9D321A6344F308AA9F2EE /* CMakeLists.txt */ = {isa = PBXFileReference; explicitFileType = sourcecode.text; fileEncoding = 4; lastKnownFileType = text; path = CMakeLists.txt; sourceTree = SOURCE_ROOT; };
		712D4891F3994EA7936FAE5F /* CMakeLists.txt */ = {isa = PBXFileReference; explicitFileType = sourcecode.text; fileEncoding = 4; lastKnownFileType = text; path = CMakeLists.txt; sourceTree = SOURCE_ROOT; };
		96B9C7F6DC6E4CE3842E3889 /* main.cpp */ = {isa = PBXFileReference; explicitFileType = sourcecode.cpp.cpp; fileEncoding = 4; name = main.cpp; path = src/main.cpp; sourceTree = SOURCE_ROOT; };
		AEA616A209E9476C97B09B5F /* CMakeLists.txt */ = {isa = PBXFileReference; explicitFileType = sourcecode.text; fileEncoding = 4; lastKnownFileType = text; path = CMakeLists.txt; sourceTree = SOURCE_ROOT; };
		E7F69B331FF41C1900786790 /* PID.h */ = {isa = PBXFileReference; fileEncoding = 4; lastKnownFileType = sourcecode.c.h; name = PID.h; path = src/PID.h; sourceTree = "<group>"; };
		EB942AF9EDBB4F58A2A86D04 /* PID.cpp */ = {isa = PBXFileReference; explicitFileType = sourcecode.cpp.cpp; fileEncoding = 4; name = PID.cpp; path = src/PID.cpp; sourceTree = SOURCE_ROOT; };
/* End PBXFileReference section */

/* Begin PBXGroup section */
		0D9C6D032D5E46879D28C597 /* ZERO_CHECK */ = {
			isa = PBXGroup;
			children = (
				8DA48C1A9368464BBD3A6C43 /* CMake Rules */,
				712D4891F3994EA7936FAE5F /* CMakeLists.txt */,
			);
			name = ZERO_CHECK;
			sourceTree = "<group>";
		};
		1DB72A89C7234AF3B081ADC0 /* CMake Rules */ = {
			isa = PBXGroup;
			children = (
			);
			name = "CMake Rules";
			sourceTree = "<group>";
		};
		28B4437C0804479683D58FAF /* Source Files */ = {
			isa = PBXGroup;
			children = (
				E7F69B331FF41C1900786790 /* PID.h */,
				EB942AF9EDBB4F58A2A86D04 /* PID.cpp */,
				96B9C7F6DC6E4CE3842E3889 /* main.cpp */,
			);
			name = "Source Files";
			sourceTree = "<group>";
		};
		8DA48C1A9368464BBD3A6C43 /* CMake Rules */ = {
			isa = PBXGroup;
			children = (
			);
			name = "CMake Rules";
			sourceTree = "<group>";
		};
		A16DAAE5F1454FD09A695FC2 /* pid */ = {
			isa = PBXGroup;
			children = (
				28B4437C0804479683D58FAF /* Source Files */,
				4EA9D321A6344F308AA9F2EE /* CMakeLists.txt */,
			);
			name = pid;
			sourceTree = "<group>";
		};
		BC7ABAB09D5C4C3FB5ED580B = {
			isa = PBXGroup;
			children = (
				A16DAAE5F1454FD09A695FC2 /* pid */,
				CBFC7E3001354BB587DA5474 /* ALL_BUILD */,
				0D9C6D032D5E46879D28C597 /* ZERO_CHECK */,
				E5F35F8DF0CA45AD815EA569 /* Products */,
			);
			sourceTree = "<group>";
		};
		CBFC7E3001354BB587DA5474 /* ALL_BUILD */ = {
			isa = PBXGroup;
			children = (
				1DB72A89C7234AF3B081ADC0 /* CMake Rules */,
				AEA616A209E9476C97B09B5F /* CMakeLists.txt */,
			);
			name = ALL_BUILD;
			sourceTree = "<group>";
		};
		E5F35F8DF0CA45AD815EA569 /* Products */ = {
			isa = PBXGroup;
			children = (
				41BBA4E200B243B69D9F41FC /* pid */,
			);
			name = Products;
			sourceTree = "<group>";
		};
/* End PBXGroup section */

/* Begin PBXNativeTarget section */
		0D2F748242994B5F9378AB23 /* pid */ = {
			isa = PBXNativeTarget;
			buildConfigurationList = 34E6FC847A2A442D8223CF90 /* Build configuration list for PBXNativeTarget "pid" */;
			buildPhases = (
				669B5B561FC84CC0A9933791 /* Sources */,
			);
			buildRules = (
			);
			dependencies = (
				7FEAB1D43B034334AAD8317B /* PBXTargetDependency */,
			);
			name = pid;
			productName = pid;
			productReference = 41BBA4E200B243B69D9F41FC /* pid */;
			productType = "com.apple.product-type.tool";
		};
/* End PBXNativeTarget section */

/* Begin PBXProject section */
		0437F1AF59D94EECBB59F8BD /* Project object */ = {
			isa = PBXProject;
			attributes = {
				BuildIndependentTargetsInParallel = YES;
				LastUpgradeCheck = 0910;
			};
			buildConfigurationList = EE8F23D875464D45AC385DCB /* Build configuration list for PBXProject "PID" */;
			compatibilityVersion = "Xcode 3.2";
			developmentRegion = en;
			hasScannedForEncodings = 0;
			knownRegions = (
				en,
			);
			mainGroup = BC7ABAB09D5C4C3FB5ED580B;
			projectDirPath = "";
			projectRoot = "";
			targets = (
				8C45CFD7976042E8999C887A /* ALL_BUILD */,
				7E1FDD1E73F74C319757BDBA /* ZERO_CHECK */,
				0D2F748242994B5F9378AB23 /* pid */,
			);
		};
/* End PBXProject section */

/* Begin PBXShellScriptBuildPhase section */
		0A3634D7496B4D3F8D5415A2 /* CMake Rules */ = {
			isa = PBXShellScriptBuildPhase;
			buildActionMask = 2147483647;
			files = (
			);
			name = "CMake Rules";
			runOnlyForDeploymentPostprocessing = 0;
			shellPath = /bin/sh;
			shellScript = "make -C /Users/alan.gordon/Documents/Alan/SelfDrivingCarEngineer/Term2/Project4-2/CarND-PID-Control-Project -f /Users/alan.gordon/Documents/Alan/SelfDrivingCarEngineer/Term2/Project4-2/CarND-PID-Control-Project/CMakeScripts/ALL_BUILD_cmakeRulesBuildPhase.make$CONFIGURATION all";
			showEnvVarsInLog = 0;
		};
		0CC33CDF2FA84E2AA9BDF24C /* CMake Rules */ = {
			isa = PBXShellScriptBuildPhase;
			buildActionMask = 2147483647;
			files = (
			);
			name = "CMake Rules";
			runOnlyForDeploymentPostprocessing = 0;
			shellPath = /bin/sh;
			shellScript = "make -C /Users/alan.gordon/Documents/Alan/SelfDrivingCarEngineer/Term2/Project4-2/CarND-PID-Control-Project -f /Users/alan.gordon/Documents/Alan/SelfDrivingCarEngineer/Term2/Project4-2/CarND-PID-Control-Project/CMakeScripts/ZERO_CHECK_cmakeRulesBuildPhase.make$CONFIGURATION all";
			showEnvVarsInLog = 0;
		};
/* End PBXShellScriptBuildPhase section */

/* Begin PBXSourcesBuildPhase section */
		669B5B561FC84CC0A9933791 /* Sources */ = {
			isa = PBXSourcesBuildPhase;
			buildActionMask = 2147483647;
			files = (
				1DADBA9E4D7748AA82960592 /* PID.cpp in Sources */,
				4CB0E119B55347AC842D8E30 /* main.cpp in Sources */,
			);
			runOnlyForDeploymentPostprocessing = 0;
		};
/* End PBXSourcesBuildPhase section */

/* Begin PBXTargetDependency section */
		00043983C42A4343901063B7 /* PBXTargetDependency */ = {
			isa = PBXTargetDependency;
			target = 7E1FDD1E73F74C319757BDBA /* ZERO_CHECK */;
			targetProxy = D16EF854378B4783A7948DAA /* PBXContainerItemProxy */;
		};
		5F53A0CA55A9465E8E8AE1C6 /* PBXTargetDependency */ = {
			isa = PBXTargetDependency;
			target = 0D2F748242994B5F9378AB23 /* pid */;
			targetProxy = 7C1BEEF3A1414BA5B1B2B8EF /* PBXContainerItemProxy */;
		};
		7FEAB1D43B034334AAD8317B /* PBXTargetDependency */ = {
			isa = PBXTargetDependency;
			target = 7E1FDD1E73F74C319757BDBA /* ZERO_CHECK */;
			targetProxy = 73814D09002D48E6956D2A61 /* PBXContainerItemProxy */;
		};
/* End PBXTargetDependency section */

/* Begin XCBuildConfiguration section */
		15C0BE54E6F5422D83FE795F /* RelWithDebInfo */ = {
			isa = XCBuildConfiguration;
			buildSettings = {
				COMBINE_HIDPI_IMAGES = YES;
				EXECUTABLE_PREFIX = "";
				EXECUTABLE_SUFFIX = "";
				GCC_GENERATE_DEBUGGING_SYMBOLS = YES;
				GCC_INLINES_ARE_PRIVATE_EXTERN = NO;
				GCC_OPTIMIZATION_LEVEL = 2;
				GCC_PREPROCESSOR_DEFINITIONS = "'CMAKE_INTDIR=\"$(CONFIGURATION)$(EFFECTIVE_PLATFORM_NAME)\"'";
				GCC_SYMBOLS_PRIVATE_EXTERN = NO;
				HEADER_SEARCH_PATHS = (
					/usr/local/include,
					/usr/local/opt/openssl/include,
				);
				INSTALL_PATH = "";
				LD_RUNPATH_SEARCH_PATHS = "/usr/local/lib /usr/local/opt/openssl/lib /usr/local/Cellar/libuv/1*/lib";
				LIBRARY_SEARCH_PATHS = (
					"/usr/local/lib/$(CONFIGURATION)$(EFFECTIVE_PLATFORM_NAME)",
					/usr/local/lib,
					"/usr/local/opt/openssl/lib/$(CONFIGURATION)$(EFFECTIVE_PLATFORM_NAME)",
					/usr/local/opt/openssl/lib,
					"/usr/local/Cellar/libuv/1*/lib/$(CONFIGURATION)$(EFFECTIVE_PLATFORM_NAME)",
					"/usr/local/Cellar/libuv/1*/lib",
				);
				OTHER_CPLUSPLUSFLAGS = (
					"-Wall",
					"-DNDEBUG",
					"-std=c++11",
				);
				OTHER_LDFLAGS = (
					"-Wl,-search_paths_first",
					"-Wl,-headerpad_max_install_names",
					"-lz",
					"-lssl",
					"-luv",
					"-luWS",
				);
				OTHER_REZFLAGS = "";
				PRODUCT_NAME = pid;
				SECTORDER_FLAGS = "";
				SYMROOT = "/Users/alan.gordon/Documents/Alan/SelfDrivingCarEngineer/Term2/Project4-2/CarND-PID-Control-Project";
				USE_HEADERMAP = NO;
				WARNING_CFLAGS = (
					"-Wmost",
					"-Wno-four-char-constants",
					"-Wno-unknown-pragmas",
					"$(inherited)",
				);
			};
			name = RelWithDebInfo;
		};
		4590660CF03A4A59A120E223 /* RelWithDebInfo */ = {
			isa = XCBuildConfiguration;
			buildSettings = {
				COMBINE_HIDPI_IMAGES = YES;
				GCC_GENERATE_DEBUGGING_SYMBOLS = YES;
				GCC_INLINES_ARE_PRIVATE_EXTERN = NO;
				GCC_OPTIMIZATION_LEVEL = 0;
				GCC_PREPROCESSOR_DEFINITIONS = "'CMAKE_INTDIR=\"$(CONFIGURATION)$(EFFECTIVE_PLATFORM_NAME)\"'";
				GCC_SYMBOLS_PRIVATE_EXTERN = NO;
				HEADER_SEARCH_PATHS = (
					/usr/local/include,
					/usr/local/opt/openssl/include,
				);
				INSTALL_PATH = "";
				OTHER_LDFLAGS = " ";
				OTHER_REZFLAGS = "";
				PRODUCT_NAME = ALL_BUILD;
				SECTORDER_FLAGS = "";
				SYMROOT = "/Users/alan.gordon/Documents/Alan/SelfDrivingCarEngineer/Term2/Project4-2/CarND-PID-Control-Project";
				USE_HEADERMAP = NO;
				WARNING_CFLAGS = (
					"-Wmost",
					"-Wno-four-char-constants",
					"-Wno-unknown-pragmas",
					"$(inherited)",
				);
			};
			name = RelWithDebInfo;
		};
		46DACD3CFE894572AFA94DA7 /* RelWithDebInfo */ = {
			isa = XCBuildConfiguration;
			buildSettings = {
				COMBINE_HIDPI_IMAGES = YES;
				GCC_GENERATE_DEBUGGING_SYMBOLS = YES;
				GCC_INLINES_ARE_PRIVATE_EXTERN = NO;
				GCC_OPTIMIZATION_LEVEL = 0;
				GCC_PREPROCESSOR_DEFINITIONS = "'CMAKE_INTDIR=\"$(CONFIGURATION)$(EFFECTIVE_PLATFORM_NAME)\"'";
				GCC_SYMBOLS_PRIVATE_EXTERN = NO;
				HEADER_SEARCH_PATHS = (
					/usr/local/include,
					/usr/local/opt/openssl/include,
				);
				INSTALL_PATH = "";
				OTHER_LDFLAGS = " ";
				OTHER_REZFLAGS = "";
				PRODUCT_NAME = ZERO_CHECK;
				SECTORDER_FLAGS = "";
				SYMROOT = "/Users/alan.gordon/Documents/Alan/SelfDrivingCarEngineer/Term2/Project4-2/CarND-PID-Control-Project";
				USE_HEADERMAP = NO;
				WARNING_CFLAGS = (
					"-Wmost",
					"-Wno-four-char-constants",
					"-Wno-unknown-pragmas",
					"$(inherited)",
				);
			};
			name = RelWithDebInfo;
		};
		571FEF62588B47CDBC8B68B1 /* Release */ = {
			isa = XCBuildConfiguration;
			buildSettings = {
				COMBINE_HIDPI_IMAGES = YES;
				GCC_GENERATE_DEBUGGING_SYMBOLS = YES;
				GCC_INLINES_ARE_PRIVATE_EXTERN = NO;
				GCC_OPTIMIZATION_LEVEL = 0;
				GCC_PREPROCESSOR_DEFINITIONS = "'CMAKE_INTDIR=\"$(CONFIGURATION)$(EFFECTIVE_PLATFORM_NAME)\"'";
				GCC_SYMBOLS_PRIVATE_EXTERN = NO;
				HEADER_SEARCH_PATHS = (
					/usr/local/include,
					/usr/local/opt/openssl/include,
				);
				INSTALL_PATH = "";
				OTHER_LDFLAGS = " ";
				OTHER_REZFLAGS = "";
				PRODUCT_NAME = ALL_BUILD;
				SECTORDER_FLAGS = "";
				SYMROOT = "/Users/alan.gordon/Documents/Alan/SelfDrivingCarEngineer/Term2/Project4-2/CarND-PID-Control-Project";
				USE_HEADERMAP = NO;
				WARNING_CFLAGS = (
					"-Wmost",
					"-Wno-four-char-constants",
					"-Wno-unknown-pragmas",
					"$(inherited)",
				);
			};
			name = Release;
		};
		6D14419103ED4AE7A944DC41 /* Debug */ = {
			isa = XCBuildConfiguration;
			buildSettings = {
				COMBINE_HIDPI_IMAGES = YES;
				GCC_GENERATE_DEBUGGING_SYMBOLS = YES;
				GCC_INLINES_ARE_PRIVATE_EXTERN = NO;
				GCC_OPTIMIZATION_LEVEL = 0;
				GCC_PREPROCESSOR_DEFINITIONS = "'CMAKE_INTDIR=\"$(CONFIGURATION)$(EFFECTIVE_PLATFORM_NAME)\"'";
				GCC_SYMBOLS_PRIVATE_EXTERN = NO;
				HEADER_SEARCH_PATHS = (
					/usr/local/include,
					/usr/local/opt/openssl/include,
				);
				INSTALL_PATH = "";
				OTHER_LDFLAGS = " ";
				OTHER_REZFLAGS = "";
				PRODUCT_NAME = ZERO_CHECK;
				SECTORDER_FLAGS = "";
				SYMROOT = "/Users/alan.gordon/Documents/Alan/SelfDrivingCarEngineer/Term2/Project4-2/CarND-PID-Control-Project";
				USE_HEADERMAP = NO;
				WARNING_CFLAGS = (
					"-Wmost",
					"-Wno-four-char-constants",
					"-Wno-unknown-pragmas",
					"$(inherited)",
				);
			};
			name = Debug;
		};
		6E80E6E7C6314F28BB3E188A /* Release */ = {
			isa = XCBuildConfiguration;
			buildSettings = {
				COMBINE_HIDPI_IMAGES = YES;
				GCC_GENERATE_DEBUGGING_SYMBOLS = YES;
				GCC_INLINES_ARE_PRIVATE_EXTERN = NO;
				GCC_OPTIMIZATION_LEVEL = 0;
				GCC_PREPROCESSOR_DEFINITIONS = "'CMAKE_INTDIR=\"$(CONFIGURATION)$(EFFECTIVE_PLATFORM_NAME)\"'";
				GCC_SYMBOLS_PRIVATE_EXTERN = NO;
				HEADER_SEARCH_PATHS = (
					/usr/local/include,
					/usr/local/opt/openssl/include,
				);
				INSTALL_PATH = "";
				OTHER_LDFLAGS = " ";
				OTHER_REZFLAGS = "";
				PRODUCT_NAME = ZERO_CHECK;
				SECTORDER_FLAGS = "";
				SYMROOT = "/Users/alan.gordon/Documents/Alan/SelfDrivingCarEngineer/Term2/Project4-2/CarND-PID-Control-Project";
				USE_HEADERMAP = NO;
				WARNING_CFLAGS = (
					"-Wmost",
					"-Wno-four-char-constants",
					"-Wno-unknown-pragmas",
					"$(inherited)",
				);
			};
			name = Release;
		};
		886FCAEC57A64CF19652D677 /* MinSizeRel */ = {
			isa = XCBuildConfiguration;
			buildSettings = {
				COMBINE_HIDPI_IMAGES = YES;
				GCC_GENERATE_DEBUGGING_SYMBOLS = YES;
				GCC_INLINES_ARE_PRIVATE_EXTERN = NO;
				GCC_OPTIMIZATION_LEVEL = 0;
				GCC_PREPROCESSOR_DEFINITIONS = "'CMAKE_INTDIR=\"$(CONFIGURATION)$(EFFECTIVE_PLATFORM_NAME)\"'";
				GCC_SYMBOLS_PRIVATE_EXTERN = NO;
				HEADER_SEARCH_PATHS = (
					/usr/local/include,
					/usr/local/opt/openssl/include,
				);
				INSTALL_PATH = "";
				OTHER_LDFLAGS = " ";
				OTHER_REZFLAGS = "";
				PRODUCT_NAME = ALL_BUILD;
				SECTORDER_FLAGS = "";
				SYMROOT = "/Users/alan.gordon/Documents/Alan/SelfDrivingCarEngineer/Term2/Project4-2/CarND-PID-Control-Project";
				USE_HEADERMAP = NO;
				WARNING_CFLAGS = (
					"-Wmost",
					"-Wno-four-char-constants",
					"-Wno-unknown-pragmas",
					"$(inherited)",
				);
			};
			name = MinSizeRel;
		};
		96420AF145BB4E57899CC460 /* Release */ = {
			isa = XCBuildConfiguration;
			buildSettings = {
				MACOSX_DEPLOYMENT_TARGET = 10.12;
				ONLY_ACTIVE_ARCH = YES;
				SDKROOT = /Applications/Xcode.app/Contents/Developer/Platforms/MacOSX.platform/Developer/SDKs/MacOSX10.13.sdk;
				SYMROOT = "/Users/alan.gordon/Documents/Alan/SelfDrivingCarEngineer/Term2/Project4-2/CarND-PID-Control-Project/build";
			};
			name = Release;
		};
		9DF562A6F25045D0BBF9E6E8 /* Debug */ = {
			isa = XCBuildConfiguration;
			buildSettings = {
				COMBINE_HIDPI_IMAGES = YES;
				EXECUTABLE_PREFIX = "";
				EXECUTABLE_SUFFIX = "";
				GCC_GENERATE_DEBUGGING_SYMBOLS = YES;
				GCC_INLINES_ARE_PRIVATE_EXTERN = NO;
				GCC_OPTIMIZATION_LEVEL = 0;
				GCC_PREPROCESSOR_DEFINITIONS = "'CMAKE_INTDIR=\"$(CONFIGURATION)$(EFFECTIVE_PLATFORM_NAME)\"'";
				GCC_SYMBOLS_PRIVATE_EXTERN = NO;
				HEADER_SEARCH_PATHS = (
					/usr/local/include,
					/usr/local/opt/openssl/include,
				);
				INSTALL_PATH = "";
				LD_RUNPATH_SEARCH_PATHS = "/usr/local/lib /usr/local/opt/openssl/lib /usr/local/Cellar/libuv/1*/lib";
				LIBRARY_SEARCH_PATHS = (
					"/usr/local/lib/$(CONFIGURATION)$(EFFECTIVE_PLATFORM_NAME)",
					/usr/local/lib,
					"/usr/local/opt/openssl/lib/$(CONFIGURATION)$(EFFECTIVE_PLATFORM_NAME)",
					/usr/local/opt/openssl/lib,
					"/usr/local/Cellar/libuv/1*/lib/$(CONFIGURATION)$(EFFECTIVE_PLATFORM_NAME)",
					"/usr/local/Cellar/libuv/1*/lib",
				);
				OTHER_CPLUSPLUSFLAGS = (
					"-Wall",
					"-std=c++11",
				);
				OTHER_LDFLAGS = (
					"-Wl,-search_paths_first",
					"-Wl,-headerpad_max_install_names",
					"-lz",
					"-lssl",
					"-luv",
					"-luWS",
				);
				OTHER_REZFLAGS = "";
				PRODUCT_NAME = pid;
				SECTORDER_FLAGS = "";
				SYMROOT = "/Users/alan.gordon/Documents/Alan/SelfDrivingCarEngineer/Term2/Project4-2/CarND-PID-Control-Project";
				USE_HEADERMAP = NO;
				WARNING_CFLAGS = (
					"-Wmost",
					"-Wno-four-char-constants",
					"-Wno-unknown-pragmas",
					"$(inherited)",
				);
			};
			name = Debug;
		};
		A9BD83BFA57E4F24ADDACC02 /* MinSizeRel */ = {
			isa = XCBuildConfiguration;
			buildSettings = {
				COMBINE_HIDPI_IMAGES = YES;
				GCC_GENERATE_DEBUGGING_SYMBOLS = YES;
				GCC_INLINES_ARE_PRIVATE_EXTERN = NO;
				GCC_OPTIMIZATION_LEVEL = 0;
				GCC_PREPROCESSOR_DEFINITIONS = "'CMAKE_INTDIR=\"$(CONFIGURATION)$(EFFECTIVE_PLATFORM_NAME)\"'";
				GCC_SYMBOLS_PRIVATE_EXTERN = NO;
				HEADER_SEARCH_PATHS = (
					/usr/local/include,
					/usr/local/opt/openssl/include,
				);
				INSTALL_PATH = "";
				OTHER_LDFLAGS = " ";
				OTHER_REZFLAGS = "";
				PRODUCT_NAME = ZERO_CHECK;
				SECTORDER_FLAGS = "";
				SYMROOT = "/Users/alan.gordon/Documents/Alan/SelfDrivingCarEngineer/Term2/Project4-2/CarND-PID-Control-Project";
				USE_HEADERMAP = NO;
				WARNING_CFLAGS = (
					"-Wmost",
					"-Wno-four-char-constants",
					"-Wno-unknown-pragmas",
					"$(inherited)",
				);
			};
			name = MinSizeRel;
		};
		B809102563C342A1B8087FDB /* Debug */ = {
			isa = XCBuildConfiguration;
			buildSettings = {
				COMBINE_HIDPI_IMAGES = YES;
				GCC_GENERATE_DEBUGGING_SYMBOLS = YES;
				GCC_INLINES_ARE_PRIVATE_EXTERN = NO;
				GCC_OPTIMIZATION_LEVEL = 0;
				GCC_PREPROCESSOR_DEFINITIONS = "'CMAKE_INTDIR=\"$(CONFIGURATION)$(EFFECTIVE_PLATFORM_NAME)\"'";
				GCC_SYMBOLS_PRIVATE_EXTERN = NO;
				HEADER_SEARCH_PATHS = (
					/usr/local/include,
					/usr/local/opt/openssl/include,
				);
				INSTALL_PATH = "";
				OTHER_LDFLAGS = " ";
				OTHER_REZFLAGS = "";
				PRODUCT_NAME = ALL_BUILD;
				SECTORDER_FLAGS = "";
				SYMROOT = "/Users/alan.gordon/Documents/Alan/SelfDrivingCarEngineer/Term2/Project4-2/CarND-PID-Control-Project";
				USE_HEADERMAP = NO;
				WARNING_CFLAGS = (
					"-Wmost",
					"-Wno-four-char-constants",
					"-Wno-unknown-pragmas",
					"$(inherited)",
				);
			};
			name = Debug;
		};
		CC7B10D9A435488B9BFC5BBD /* Release */ = {
			isa = XCBuildConfiguration;
			buildSettings = {
				COMBINE_HIDPI_IMAGES = YES;
				EXECUTABLE_PREFIX = "";
				EXECUTABLE_SUFFIX = "";
				GCC_GENERATE_DEBUGGING_SYMBOLS = NO;
				GCC_INLINES_ARE_PRIVATE_EXTERN = NO;
				GCC_OPTIMIZATION_LEVEL = 3;
				GCC_PREPROCESSOR_DEFINITIONS = "'CMAKE_INTDIR=\"$(CONFIGURATION)$(EFFECTIVE_PLATFORM_NAME)\"'";
				GCC_SYMBOLS_PRIVATE_EXTERN = NO;
				HEADER_SEARCH_PATHS = (
					/usr/local/include,
					/usr/local/opt/openssl/include,
				);
				INSTALL_PATH = "";
				LD_RUNPATH_SEARCH_PATHS = "/usr/local/lib /usr/local/opt/openssl/lib /usr/local/Cellar/libuv/1*/lib";
				LIBRARY_SEARCH_PATHS = (
					"/usr/local/lib/$(CONFIGURATION)$(EFFECTIVE_PLATFORM_NAME)",
					/usr/local/lib,
					"/usr/local/opt/openssl/lib/$(CONFIGURATION)$(EFFECTIVE_PLATFORM_NAME)",
					/usr/local/opt/openssl/lib,
					"/usr/local/Cellar/libuv/1*/lib/$(CONFIGURATION)$(EFFECTIVE_PLATFORM_NAME)",
					"/usr/local/Cellar/libuv/1*/lib",
				);
				OTHER_CPLUSPLUSFLAGS = (
					"-Wall",
					"-DNDEBUG",
					"-std=c++11",
				);
				OTHER_LDFLAGS = (
					"-Wl,-search_paths_first",
					"-Wl,-headerpad_max_install_names",
					"-lz",
					"-lssl",
					"-luv",
					"-luWS",
				);
				OTHER_REZFLAGS = "";
				PRODUCT_NAME = pid;
				SECTORDER_FLAGS = "";
				SYMROOT = "/Users/alan.gordon/Documents/Alan/SelfDrivingCarEngineer/Term2/Project4-2/CarND-PID-Control-Project";
				USE_HEADERMAP = NO;
				WARNING_CFLAGS = (
					"-Wmost",
					"-Wno-four-char-constants",
					"-Wno-unknown-pragmas",
					"$(inherited)",
				);
			};
			name = Release;
		};
		D5BF9A4B729747A583ADBD63 /* MinSizeRel */ = {
			isa = XCBuildConfiguration;
			buildSettings = {
				COMBINE_HIDPI_IMAGES = YES;
				EXECUTABLE_PREFIX = "";
				EXECUTABLE_SUFFIX = "";
				GCC_GENERATE_DEBUGGING_SYMBOLS = NO;
				GCC_INLINES_ARE_PRIVATE_EXTERN = NO;
				GCC_OPTIMIZATION_LEVEL = s;
				GCC_PREPROCESSOR_DEFINITIONS = "'CMAKE_INTDIR=\"$(CONFIGURATION)$(EFFECTIVE_PLATFORM_NAME)\"'";
				GCC_SYMBOLS_PRIVATE_EXTERN = NO;
				HEADER_SEARCH_PATHS = (
					/usr/local/include,
					/usr/local/opt/openssl/include,
				);
				INSTALL_PATH = "";
				LD_RUNPATH_SEARCH_PATHS = "/usr/local/lib /usr/local/opt/openssl/lib /usr/local/Cellar/libuv/1*/lib";
				LIBRARY_SEARCH_PATHS = (
					"/usr/local/lib/$(CONFIGURATION)$(EFFECTIVE_PLATFORM_NAME)",
					/usr/local/lib,
					"/usr/local/opt/openssl/lib/$(CONFIGURATION)$(EFFECTIVE_PLATFORM_NAME)",
					/usr/local/opt/openssl/lib,
					"/usr/local/Cellar/libuv/1*/lib/$(CONFIGURATION)$(EFFECTIVE_PLATFORM_NAME)",
					"/usr/local/Cellar/libuv/1*/lib",
				);
				OTHER_CPLUSPLUSFLAGS = (
					"-Wall",
					"-DNDEBUG",
					"-std=c++11",
				);
				OTHER_LDFLAGS = (
					"-Wl,-search_paths_first",
					"-Wl,-headerpad_max_install_names",
					"-lz",
					"-lssl",
					"-luv",
					"-luWS",
				);
				OTHER_REZFLAGS = "";
				PRODUCT_NAME = pid;
				SECTORDER_FLAGS = "";
				SYMROOT = "/Users/alan.gordon/Documents/Alan/SelfDrivingCarEngineer/Term2/Project4-2/CarND-PID-Control-Project";
				USE_HEADERMAP = NO;
				WARNING_CFLAGS = (
					"-Wmost",
					"-Wno-four-char-constants",
					"-Wno-unknown-pragmas",
					"$(inherited)",
				);
			};
			name = MinSizeRel;
		};
		DB47CA8B0F5742F7B426CEB1 /* RelWithDebInfo */ = {
			isa = XCBuildConfiguration;
			buildSettings = {
				MACOSX_DEPLOYMENT_TARGET = 10.12;
				ONLY_ACTIVE_ARCH = YES;
				SDKROOT = /Applications/Xcode.app/Contents/Developer/Platforms/MacOSX.platform/Developer/SDKs/MacOSX10.13.sdk;
				SYMROOT = "/Users/alan.gordon/Documents/Alan/SelfDrivingCarEngineer/Term2/Project4-2/CarND-PID-Control-Project/build";
			};
			name = RelWithDebInfo;
		};
		DE76DBEE332843A581D3BBD0 /* Debug */ = {
			isa = XCBuildConfiguration;
			buildSettings = {
				MACOSX_DEPLOYMENT_TARGET = 10.12;
				ONLY_ACTIVE_ARCH = YES;
				SDKROOT = /Applications/Xcode.app/Contents/Developer/Platforms/MacOSX.platform/Developer/SDKs/MacOSX10.13.sdk;
				SYMROOT = "/Users/alan.gordon/Documents/Alan/SelfDrivingCarEngineer/Term2/Project4-2/CarND-PID-Control-Project/build";
			};
			name = Debug;
		};
		E30E6B75ACB74094BFE11257 /* MinSizeRel */ = {
			isa = XCBuildConfiguration;
			buildSettings = {
				MACOSX_DEPLOYMENT_TARGET = 10.12;
				ONLY_ACTIVE_ARCH = YES;
				SDKROOT = /Applications/Xcode.app/Contents/Developer/Platforms/MacOSX.platform/Developer/SDKs/MacOSX10.13.sdk;
				SYMROOT = "/Users/alan.gordon/Documents/Alan/SelfDrivingCarEngineer/Term2/Project4-2/CarND-PID-Control-Project/build";
			};
			name = MinSizeRel;
		};
/* End XCBuildConfiguration section */

/* Begin XCConfigurationList section */
		34E6FC847A2A442D8223CF90 /* Build configuration list for PBXNativeTarget "pid" */ = {
			isa = XCConfigurationList;
			buildConfigurations = (
				9DF562A6F25045D0BBF9E6E8 /* Debug */,
				CC7B10D9A435488B9BFC5BBD /* Release */,
				D5BF9A4B729747A583ADBD63 /* MinSizeRel */,
				15C0BE54E6F5422D83FE795F /* RelWithDebInfo */,
			);
			defaultConfigurationIsVisible = 0;
			defaultConfigurationName = Debug;
		};
		4784BB2AD0A448E1B78A35DB /* Build configuration list for PBXAggregateTarget "ALL_BUILD" */ = {
			isa = XCConfigurationList;
			buildConfigurations = (
				B809102563C342A1B8087FDB /* Debug */,
				571FEF62588B47CDBC8B68B1 /* Release */,
				886FCAEC57A64CF19652D677 /* MinSizeRel */,
				4590660CF03A4A59A120E223 /* RelWithDebInfo */,
			);
			defaultConfigurationIsVisible = 0;
			defaultConfigurationName = Debug;
		};
		5E187B9F42984516A556843E /* Build configuration list for PBXAggregateTarget "ZERO_CHECK" */ = {
			isa = XCConfigurationList;
			buildConfigurations = (
				6D14419103ED4AE7A944DC41 /* Debug */,
				6E80E6E7C6314F28BB3E188A /* Release */,
				A9BD83BFA57E4F24ADDACC02 /* MinSizeRel */,
				46DACD3CFE894572AFA94DA7 /* RelWithDebInfo */,
			);
			defaultConfigurationIsVisible = 0;
			defaultConfigurationName = Debug;
		};
		EE8F23D875464D45AC385DCB /* Build configuration list for PBXProject "PID" */ = {
			isa = XCConfigurationList;
			buildConfigurations = (
				DE76DBEE332843A581D3BBD0 /* Debug */,
				96420AF145BB4E57899CC460 /* Release */,
				E30E6B75ACB74094BFE11257 /* MinSizeRel */,
				DB47CA8B0F5742F7B426CEB1 /* RelWithDebInfo */,
			);
			defaultConfigurationIsVisible = 0;
			defaultConfigurationName = Debug;
		};
/* End XCConfigurationList section */
	};
	rootObject = 0437F1AF59D94EECBB59F8BD /* Project object */;
}
